
Microsoft Visual Studio Solution File, Format Version 12.00
# Visual Studio 14
VisualStudioVersion = 14.0.25420.1
MinimumVisualStudioVersion = 10.0.40219.1
Project("{FAE04EC0-301F-11D3-BF4B-00C04F79EFBC}") = "MSAMISUserInterface", "MSAMISUserInterface\MSAMISUserInterface.csproj", "{060358EC-39AC-4A79-88BA-431B33510D13}"
EndProject
Project("{FAE04EC0-301F-11D3-BF4B-00C04F79EFBC}") = "rylui", "rylui\rylui\rylui.csproj", "{EFE3FFB8-A983-4766-93CE-1FC03E22F64F}"
EndProject
Project("{FAE04EC0-301F-11D3-BF4B-00C04F79EFBC}") = "ryldb.sqltools", "ryldb.sqltools\ryldb.sqltools.csproj", "{C3A9BE5D-2DD9-41AB-87AA-F3754BB23187}"
EndProject
Project("{FAE04EC0-301F-11D3-BF4B-00C04F79EFBC}") = "ryldb.sqltools.Tests", "ryldb.sqltools.Tests\ryldb.sqltools.Tests.csproj", "{83319B66-02B5-4FEE-B1A7-455021DD4D0D}"
EndProject
Global
	GlobalSection(SolutionConfigurationPlatforms) = preSolution
		Debug|Any CPU = Debug|Any CPU
		Release|Any CPU = Release|Any CPU
	EndGlobalSection
	GlobalSection(ProjectConfigurationPlatforms) = postSolution
		{060358EC-39AC-4A79-88BA-431B33510D13}.Debug|Any CPU.ActiveCfg = Debug|Any CPU
		{060358EC-39AC-4A79-88BA-431B33510D13}.Debug|Any CPU.Build.0 = Debug|Any CPU
		{060358EC-39AC-4A79-88BA-431B33510D13}.Release|Any CPU.ActiveCfg = Release|Any CPU
		{060358EC-39AC-4A79-88BA-431B33510D13}.Release|Any CPU.Build.0 = Release|Any CPU
		{EFE3FFB8-A983-4766-93CE-1FC03E22F64F}.Debug|Any CPU.ActiveCfg = Debug|Any CPU
		{EFE3FFB8-A983-4766-93CE-1FC03E22F64F}.Debug|Any CPU.Build.0 = Debug|Any CPU
		{EFE3FFB8-A983-4766-93CE-1FC03E22F64F}.Release|Any CPU.ActiveCfg = Release|Any CPU
		{EFE3FFB8-A983-4766-93CE-1FC03E22F64F}.Release|Any CPU.Build.0 = Release|Any CPU
		{C3A9BE5D-2DD9-41AB-87AA-F3754BB23187}.Debug|Any CPU.ActiveCfg = Debug|Any CPU
		{C3A9BE5D-2DD9-41AB-87AA-F3754BB23187}.Debug|Any CPU.Build.0 = Debug|Any CPU
		{C3A9BE5D-2DD9-41AB-87AA-F3754BB23187}.Release|Any CPU.ActiveCfg = Release|Any CPU
		{C3A9BE5D-2DD9-41AB-87AA-F3754BB23187}.Release|Any CPU.Build.0 = Release|Any CPU
		{83319B66-02B5-4FEE-B1A7-455021DD4D0D}.Debug|Any CPU.ActiveCfg = Debug|Any CPU
		{83319B66-02B5-4FEE-B1A7-455021DD4D0D}.Debug|Any CPU.Build.0 = Debug|Any CPU
		{83319B66-02B5-4FEE-B1A7-455021DD4D0D}.Release|Any CPU.ActiveCfg = Release|Any CPU
		{83319B66-02B5-4FEE-B1A7-455021DD4D0D}.Release|Any CPU.Build.0 = Release|Any CPU
	EndGlobalSection
	GlobalSection(SolutionProperties) = preSolution
		HideSolutionNode = FALSE
	EndGlobalSection
EndGlobal
